<?xml version="1.0" encoding="utf-8"?>
<Project ToolsVersion="4.0" xmlns="http://schemas.microsoft.com/developer/msbuild/2003">
  <ItemGroup>
    <Filter Include="Source Files">
      <UniqueIdentifier>{4FC737F1-C7A5-4376-A066-2A32D752A2FF}</UniqueIdentifier>
      <Extensions>cpp;c;cc;cxx;def;odl;idl;hpj;bat;asm;asmx</Extensions>
    </Filter>
    <Filter Include="Header Files">
      <UniqueIdentifier>{93995380-89BD-4b04-88EB-625FBE52EBFB}</UniqueIdentifier>
      <Extensions>h;hpp;hxx;hm;inl;inc;xsd</Extensions>
    </Filter>
    <Filter Include="Resource Files">
      <UniqueIdentifier>{67DA6AB6-F800-4c08-8B7A-83BB121AAD01}</UniqueIdentifier>
      <Extensions>rc;ico;cur;bmp;dlg;rc2;rct;bin;rgs;gif;jpg;jpeg;jpe;resx;tiff;tif;png;wav;mfcribbon-ms</Extensions>
    </Filter>
  </ItemGroup>
  <ItemGroup>
    <ClCompile Include="AbortMultipartUploadRequest.cpp">
      <Filter>Source Files</Filter>
    </ClCompile>
    <ClCompile Include="base64.cpp">
      <Filter>Source Files</Filter>
    </ClCompile>
    <ClCompile Include="Bucket.cpp">
      <Filter>Source Files</Filter>
    </ClCompile>
    <ClCompile Include="Buckets.cpp">
      <Filter>Source Files</Filter>
    </ClCompile>
    <ClCompile Include="CannedAccessControlList.cpp">
      <Filter>Source Files</Filter>
    </ClCompile>
    <ClCompile Include="ClientConfiguration.cpp">
      <Filter>Source Files</Filter>
    </ClCompile>
    <ClCompile Include="CompleteMultipartUploadRequest.cpp">
      <Filter>Source Files</Filter>
    </ClCompile>
    <ClCompile Include="CompleteMultipartUploadResult.cpp">
      <Filter>Source Files</Filter>
    </ClCompile>
    <ClCompile Include="CopyObjectRequest.cpp">
      <Filter>Source Files</Filter>
    </ClCompile>
    <ClCompile Include="CopyObjectResult.cpp">
      <Filter>Source Files</Filter>
    </ClCompile>
    <ClCompile Include="DateUtil.cpp">
      <Filter>Source Files</Filter>
    </ClCompile>
    <ClCompile Include="DefaultServiceClient.cpp">
      <Filter>Source Files</Filter>
    </ClCompile>
    <ClCompile Include="DeleteObjectsResult.cpp">
      <Filter>Source Files</Filter>
    </ClCompile>
    <ClCompile Include="ExecutionContent.cpp">
      <Filter>Source Files</Filter>
    </ClCompile>
    <ClCompile Include="FetchObjectGroupIndexResult.cpp">
      <Filter>Source Files</Filter>
    </ClCompile>
    <ClCompile Include="FetchObjectRequest.cpp">
      <Filter>Source Files</Filter>
    </ClCompile>
    <ClCompile Include="FilePart.cpp">
      <Filter>Source Files</Filter>
    </ClCompile>
    <ClCompile Include="HMACSHA1.c">
      <Filter>Source Files</Filter>
    </ClCompile>
    <ClCompile Include="HmacSHA1Signature.cpp">
      <Filter>Source Files</Filter>
    </ClCompile>
    <ClCompile Include="HttpClient.cpp">
      <Filter>Source Files</Filter>
    </ClCompile>
    <ClCompile Include="HttpHeaders.cpp">
      <Filter>Source Files</Filter>
    </ClCompile>
    <ClCompile Include="HttpMessage.cpp">
      <Filter>Source Files</Filter>
    </ClCompile>
    <ClCompile Include="HTTPRequest.cpp">
      <Filter>Source Files</Filter>
    </ClCompile>
    <ClCompile Include="HttpUtil.cpp">
      <Filter>Source Files</Filter>
    </ClCompile>
    <ClCompile Include="InitiateMultipartUploadRequest.cpp">
      <Filter>Source Files</Filter>
    </ClCompile>
    <ClCompile Include="InitiateMultipartUploadResult.cpp">
      <Filter>Source Files</Filter>
    </ClCompile>
    <ClCompile Include="ListMultipartUploadsRequest.cpp">
      <Filter>Source Files</Filter>
    </ClCompile>
    <ClCompile Include="ListObjectsRequest.cpp">
      <Filter>Source Files</Filter>
    </ClCompile>
    <ClCompile Include="ListPartsRequest.cpp">
      <Filter>Source Files</Filter>
    </ClCompile>
    <ClCompile Include="md5.c">
      <Filter>Source Files</Filter>
    </ClCompile>
    <ClCompile Include="MultipartUpload.cpp">
      <Filter>Source Files</Filter>
    </ClCompile>
    <ClCompile Include="MultipartUploadListing.cpp">
      <Filter>Source Files</Filter>
    </ClCompile>
    <ClCompile Include="ObjectGroupPartETag.cpp">
      <Filter>Source Files</Filter>
    </ClCompile>
    <ClCompile Include="ObjectListing.cpp">
      <Filter>Source Files</Filter>
    </ClCompile>
    <ClCompile Include="ObjectMetadata.cpp">
      <Filter>Source Files</Filter>
    </ClCompile>
    <ClCompile Include="OSSBucketOperation.cpp">
      <Filter>Source Files</Filter>
    </ClCompile>
    <ClCompile Include="OSSClient.cpp">
      <Filter>Source Files</Filter>
    </ClCompile>
    <ClCompile Include="OSSError.cpp">
      <Filter>Source Files</Filter>
    </ClCompile>
    <ClCompile Include="OSSMultipartOperation.cpp">
      <Filter>Source Files</Filter>
    </ClCompile>
    <ClCompile Include="OSSObject.cpp">
      <Filter>Source Files</Filter>
    </ClCompile>
    <ClCompile Include="OSSObjectGroupOperation.cpp">
      <Filter>Source Files</Filter>
    </ClCompile>
    <ClCompile Include="OSSObjectOperation.cpp">
      <Filter>Source Files</Filter>
    </ClCompile>
    <ClCompile Include="OSSObjectSummary.cpp">
      <Filter>Source Files</Filter>
    </ClCompile>
    <ClCompile Include="OSSOperation.cpp">
      <Filter>Source Files</Filter>
    </ClCompile>
    <ClCompile Include="OSSRequestSigner.cpp">
      <Filter>Source Files</Filter>
    </ClCompile>
    <ClCompile Include="OSSUtil.cpp">
      <Filter>Source Files</Filter>
    </ClCompile>
    <ClCompile Include="Owner.cpp">
      <Filter>Source Files</Filter>
    </ClCompile>
    <ClCompile Include="PartETag.cpp">
      <Filter>Source Files</Filter>
    </ClCompile>
    <ClCompile Include="PartListing.cpp">
      <Filter>Source Files</Filter>
    </ClCompile>
    <ClCompile Include="PartSummary.cpp">
      <Filter>Source Files</Filter>
    </ClCompile>
    <ClCompile Include="PostObjectGroupRequest.cpp">
      <Filter>Source Files</Filter>
    </ClCompile>
    <ClCompile Include="PostObjectGroupResult.cpp">
      <Filter>Source Files</Filter>
    </ClCompile>
    <ClCompile Include="PutObjectResult.cpp">
      <Filter>Source Files</Filter>
    </ClCompile>
    <ClCompile Include="Request.cpp">
      <Filter>Source Files</Filter>
    </ClCompile>
    <ClCompile Include="RequestMessage.cpp">
      <Filter>Source Files</Filter>
    </ClCompile>
    <ClCompile Include="ResponseHeaderOverrides.cpp">
      <Filter>Source Files</Filter>
    </ClCompile>
    <ClCompile Include="ResponseMessage.cpp">
      <Filter>Source Files</Filter>
    </ClCompile>
    <ClCompile Include="ServiceCredentials.cpp">
      <Filter>Source Files</Filter>
    </ClCompile>
    <ClCompile Include="SignUtil.cpp">
      <Filter>Source Files</Filter>
    </ClCompile>
    <ClCompile Include="stdafx.cpp">
      <Filter>Source Files</Filter>
    </ClCompile>
    <ClCompile Include="StringUtil.cpp">
      <Filter>Source Files</Filter>
    </ClCompile>
    <ClCompile Include="strptime.c">
      <Filter>Source Files</Filter>
    </ClCompile>
    <ClCompile Include="UploadPartRequest.cpp">
      <Filter>Source Files</Filter>
    </ClCompile>
    <ClCompile Include="UploadPartResult.cpp">
      <Filter>Source Files</Filter>
    </ClCompile>
    <ClCompile Include="xmlParser.cpp">
      <Filter>Source Files</Filter>
    </ClCompile>
  </ItemGroup>
  <ItemGroup>
    <ClInclude Include="AbortMultipartUploadRequest.h">
      <Filter>Header Files</Filter>
    </ClInclude>
    <ClInclude Include="base64.h">
      <Filter>Header Files</Filter>
    </ClInclude>
    <ClInclude Include="Bucket.h">
      <Filter>Header Files</Filter>
    </ClInclude>
    <ClInclude Include="Buckets.h">
      <Filter>Header Files</Filter>
    </ClInclude>
    <ClInclude Include="CannedAccessControlList.h">
      <Filter>Header Files</Filter>
    </ClInclude>
    <ClInclude Include="ClientConfiguration.h">
      <Filter>Header Files</Filter>
    </ClInclude>
    <ClInclude Include="CompleteMultipartUploadRequest.h">
      <Filter>Header Files</Filter>
    </ClInclude>
    <ClInclude Include="CompleteMultipartUploadResult.h">
      <Filter>Header Files</Filter>
    </ClInclude>
    <ClInclude Include="CopyObjectRequest.h">
      <Filter>Header Files</Filter>
    </ClInclude>
    <ClInclude Include="CopyObjectResult.h">
      <Filter>Header Files</Filter>
    </ClInclude>
    <ClInclude Include="DateUtil.h">
      <Filter>Header Files</Filter>
    </ClInclude>
    <ClInclude Include="DefaultServiceClient.h">
      <Filter>Header Files</Filter>
    </ClInclude>
    <ClInclude Include="DeleteObjectsResult.h">
      <Filter>Header Files</Filter>
    </ClInclude>
    <ClInclude Include="ExecutionContent.h">
      <Filter>Header Files</Filter>
    </ClInclude>
    <ClInclude Include="FetchObjectGroupIndexResult.h">
      <Filter>Header Files</Filter>
    </ClInclude>
    <ClInclude Include="FetchObjectRequest.h">
      <Filter>Header Files</Filter>
    </ClInclude>
    <ClInclude Include="FilePart.h">
      <Filter>Header Files</Filter>
    </ClInclude>
    <ClInclude Include="HmacSHA1Signature.h">
      <Filter>Header Files</Filter>
    </ClInclude>
    <ClInclude Include="HttpCallback.h">
      <Filter>Header Files</Filter>
    </ClInclude>
    <ClInclude Include="HttpClient.h">
      <Filter>Header Files</Filter>
    </ClInclude>
    <ClInclude Include="HttpClientCallback.h">
      <Filter>Header Files</Filter>
    </ClInclude>
    <ClInclude Include="HttpHeaders.h">
      <Filter>Header Files</Filter>
    </ClInclude>
    <ClInclude Include="HttpMessage.h">
      <Filter>Header Files</Filter>
    </ClInclude>
    <ClInclude Include="HTTPRequest.h">
      <Filter>Header Files</Filter>
    </ClInclude>
    <ClInclude Include="HttpUtil.h">
      <Filter>Header Files</Filter>
    </ClInclude>
    <ClInclude Include="InitiateMultipartUploadRequest.h">
      <Filter>Header Files</Filter>
    </ClInclude>
    <ClInclude Include="InitiateMultipartUploadResult.h">
      <Filter>Header Files</Filter>
    </ClInclude>
    <ClInclude Include="ListMultipartUploadsRequest.h">
      <Filter>Header Files</Filter>
    </ClInclude>
    <ClInclude Include="ListObjectsRequest.h">
      <Filter>Header Files</Filter>
    </ClInclude>
    <ClInclude Include="ListPartsRequest.h">
      <Filter>Header Files</Filter>
    </ClInclude>
    <ClInclude Include="md5.h">
      <Filter>Header Files</Filter>
    </ClInclude>
    <ClInclude Include="MultipartUpload.h">
      <Filter>Header Files</Filter>
    </ClInclude>
    <ClInclude Include="MultipartUploadListing.h">
      <Filter>Header Files</Filter>
    </ClInclude>
    <ClInclude Include="ObjectGroupPartETag.h">
      <Filter>Header Files</Filter>
    </ClInclude>
    <ClInclude Include="ObjectListing.h">
      <Filter>Header Files</Filter>
    </ClInclude>
    <ClInclude Include="ObjectMetadata.h">
      <Filter>Header Files</Filter>
    </ClInclude>
    <ClInclude Include="OSSApi.h">
      <Filter>Header Files</Filter>
    </ClInclude>
    <ClInclude Include="OSSBucketOperation.h">
      <Filter>Header Files</Filter>
    </ClInclude>
    <ClInclude Include="OSSClient.h">
      <Filter>Header Files</Filter>
    </ClInclude>
    <ClInclude Include="OSSError.h">
      <Filter>Header Files</Filter>
    </ClInclude>
    <ClInclude Include="OSSMultipartOperation.h">
      <Filter>Header Files</Filter>
    </ClInclude>
    <ClInclude Include="OSSObject.h">
      <Filter>Header Files</Filter>
    </ClInclude>
    <ClInclude Include="OSSObjectGroupOperation.h">
      <Filter>Header Files</Filter>
    </ClInclude>
    <ClInclude Include="OSSObjectOperation.h">
      <Filter>Header Files</Filter>
    </ClInclude>
    <ClInclude Include="OSSObjectSummary.h">
      <Filter>Header Files</Filter>
    </ClInclude>
    <ClInclude Include="OSSOperation.h">
      <Filter>Header Files</Filter>
    </ClInclude>
    <ClInclude Include="OSSRequestSigner.h">
      <Filter>Header Files</Filter>
    </ClInclude>
    <ClInclude Include="OSSUtil.h">
      <Filter>Header Files</Filter>
    </ClInclude>
    <ClInclude Include="Owner.h">
      <Filter>Header Files</Filter>
    </ClInclude>
    <ClInclude Include="PartETag.h">
      <Filter>Header Files</Filter>
    </ClInclude>
    <ClInclude Include="PartListing.h">
      <Filter>Header Files</Filter>
    </ClInclude>
    <ClInclude Include="PartSummary.h">
      <Filter>Header Files</Filter>
    </ClInclude>
    <ClInclude Include="PostObjectGroupRequest.h">
      <Filter>Header Files</Filter>
    </ClInclude>
    <ClInclude Include="PostObjectGroupResult.h">
      <Filter>Header Files</Filter>
    </ClInclude>
    <ClInclude Include="PutObjectResult.h">
      <Filter>Header Files</Filter>
    </ClInclude>
    <ClInclude Include="Request.h">
      <Filter>Header Files</Filter>
    </ClInclude>
    <ClInclude Include="RequestMessage.h">
      <Filter>Header Files</Filter>
    </ClInclude>
    <ClInclude Include="RequestSigner.h">
      <Filter>Header Files</Filter>
    </ClInclude>
    <ClInclude Include="ResponseHeaderOverrides.h">
      <Filter>Header Files</Filter>
    </ClInclude>
    <ClInclude Include="ResponseMessage.h">
      <Filter>Header Files</Filter>
    </ClInclude>
    <ClInclude Include="ServiceClientCallback.h">
      <Filter>Header Files</Filter>
    </ClInclude>
    <ClInclude Include="ServiceCredentials.h">
      <Filter>Header Files</Filter>
    </ClInclude>
    <ClInclude Include="ServiceSignature.h">
      <Filter>Header Files</Filter>
    </ClInclude>
    <ClInclude Include="sha1.h">
      <Filter>Header Files</Filter>
    </ClInclude>
    <ClInclude Include="SignUtil.h">
      <Filter>Header Files</Filter>
    </ClInclude>
    <ClInclude Include="stdafx.h">
      <Filter>Header Files</Filter>
    </ClInclude>
    <ClInclude Include="StringUtil.h">
      <Filter>Header Files</Filter>
    </ClInclude>
    <ClInclude Include="strptime.h">
      <Filter>Header Files</Filter>
    </ClInclude>
    <ClInclude Include="targetver.h">
      <Filter>Header Files</Filter>
    </ClInclude>
    <ClInclude Include="UploadPartRequest.h">
      <Filter>Header Files</Filter>
    </ClInclude>
    <ClInclude Include="UploadPartResult.h">
      <Filter>Header Files</Filter>
    </ClInclude>
    <ClInclude Include="xmlParser.h">
      <Filter>Header Files</Filter>
    </ClInclude>
    <ClInclude Include="OSSBucketOperationCallback.h">
      <Filter>Header Files</Filter>
    </ClInclude>
    <ClInclude Include="OSSObjectOperationCallback.h">
      <Filter>Header Files</Filter>
    </ClInclude>
    <ClInclude Include="OSSClientCallback.h">
      <Filter>Header Files</Filter>
    </ClInclude>
    <ClInclude Include="OSSObjectGroupOperationCallback.h">
      <Filter>Header Files</Filter>
    </ClInclude>
    <ClInclude Include="OSSMultipartOperationCallback.h">
      <Filter>Header Files</Filter>
    </ClInclude>
  </ItemGroup>
  <ItemGroup>
    <Text Include="ReadMe.txt" />
  </ItemGroup>
</Project>